// !$*UTF8*$!
{
	archiveVersion = 1;
	classes = {
	};
	objectVersion = 46;
	objects = {

/* Begin PBXBuildFile section */
		019FE1B41588AA7D0096A1B2 /* UIKit.framework in Frameworks */ = {isa = PBXBuildFile; fileRef = 019FE1B31588AA7D0096A1B2 /* UIKit.framework */; };
		019FE1B61588AA7D0096A1B2 /* Foundation.framework in Frameworks */ = {isa = PBXBuildFile; fileRef = 019FE1B51588AA7D0096A1B2 /* Foundation.framework */; };
		019FE1B81588AA7D0096A1B2 /* CoreGraphics.framework in Frameworks */ = {isa = PBXBuildFile; fileRef = 019FE1B71588AA7D0096A1B2 /* CoreGraphics.framework */; };
		01F26706165BEBCF00DFE508 /* MainStoryboard_iPad.storyboard in Resources */ = {isa = PBXBuildFile; fileRef = 01F266FE165BEBCF00DFE508 /* MainStoryboard_iPad.storyboard */; };
		01F26707165BEBCF00DFE508 /* MainStoryboard_iPhone.storyboard in Resources */ = {isa = PBXBuildFile; fileRef = 01F26700165BEBCF00DFE508 /* MainStoryboard_iPhone.storyboard */; };
		01F26708165BEBCF00DFE508 /* ViewController.m in Sources */ = {isa = PBXBuildFile; fileRef = 01F26702165BEBCF00DFE508 /* ViewController.m */; };
		01F26709165BEBCF00DFE508 /* AppDelegate.m in Sources */ = {isa = PBXBuildFile; fileRef = 01F26703165BEBCF00DFE508 /* AppDelegate.m */; };
		01F2670B165BEC0A00DFE508 /* main.m in Sources */ = {isa = PBXBuildFile; fileRef = 01F2670A165BEC0A00DFE508 /* main.m */; };
/* End PBXBuildFile section */

/* Begin PBXFileReference section */
		019FE1AF1588AA7D0096A1B2 /* StageCom.app */ = {isa = PBXFileReference; explicitFileType = wrapper.application; includeInIndex = 0; path = StageCom.app; sourceTree = BUILT_PRODUCTS_DIR; };
		019FE1B31588AA7D0096A1B2 /* UIKit.framework */ = {isa = PBXFileReference; lastKnownFileType = wrapper.framework; name = UIKit.framework; path = System/Library/Frameworks/UIKit.framework; sourceTree = SDKROOT; };
		019FE1B51588AA7D0096A1B2 /* Foundation.framework */ = {isa = PBXFileReference; lastKnownFileType = wrapper.framework; name = Foundation.framework; path = System/Library/Frameworks/Foundation.framework; sourceTree = SDKROOT; };
		019FE1B71588AA7D0096A1B2 /* CoreGraphics.framework */ = {isa = PBXFileReference; lastKnownFileType = wrapper.framework; name = CoreGraphics.framework; path = System/Library/Frameworks/CoreGraphics.framework; sourceTree = SDKROOT; };
		01F266FF165BEBCF00DFE508 /* en */ = {isa = PBXFileReference; lastKnownFileType = file.storyboard; name = en; path = StageCom/en.lproj/MainStoryboard_iPad.storyboard; sourceTree = "<group>"; };
		01F26701165BEBCF00DFE508 /* en */ = {isa = PBXFileReference; lastKnownFileType = file.storyboard; name = en; path = StageCom/en.lproj/MainStoryboard_iPhone.storyboard; sourceTree = "<group>"; };
		01F26702165BEBCF00DFE508 /* ViewController.m */ = {isa = PBXFileReference; fileEncoding = 4; lastKnownFileType = sourcecode.c.objc; name = ViewController.m; path = StageCom/ViewController.m; sourceTree = "<group>"; };
		01F26703165BEBCF00DFE508 /* AppDelegate.m */ = {isa = PBXFileReference; fileEncoding = 4; lastKnownFileType = sourcecode.c.objc; name = AppDelegate.m; path = StageCom/AppDelegate.m; sourceTree = "<group>"; };
		01F26704165BEBCF00DFE508 /* ViewController.h */ = {isa = PBXFileReference; fileEncoding = 4; lastKnownFileType = sourcecode.c.h; name = ViewController.h; path = StageCom/ViewController.h; sourceTree = "<group>"; };
		01F26705165BEBCF00DFE508 /* AppDelegate.h */ = {isa = PBXFileReference; fileEncoding = 4; lastKnownFileType = sourcecode.c.h; name = AppDelegate.h; path = StageCom/AppDelegate.h; sourceTree = "<group>"; };
		01F2670A165BEC0A00DFE508 /* main.m */ = {isa = PBXFileReference; fileEncoding = 4; lastKnownFileType = sourcecode.c.objc; name = main.m; path = StageCom/main.m; sourceTree = "<group>"; };
/* End PBXFileReference section */

/* Begin PBXFrameworksBuildPhase section */
		019FE1AC1588AA7D0096A1B2 /* Frameworks */ = {
			isa = PBXFrameworksBuildPhase;
			buildActionMask = 2147483647;
			files = (
				019FE1B41588AA7D0096A1B2 /* UIKit.framework in Frameworks */,
				019FE1B61588AA7D0096A1B2 /* Foundation.framework in Frameworks */,
				019FE1B81588AA7D0096A1B2 /* CoreGraphics.framework in Frameworks */,
			);
			runOnlyForDeploymentPostprocessing = 0;
		};
/* End PBXFrameworksBuildPhase section */

/* Begin PBXGroup section */
		019FE1A41588AA7D0096A1B2 = {
			isa = PBXGroup;
			children = (
				01F266FD165BEBB800DFE508 /* StageCom */,
				019FE1B21588AA7D0096A1B2 /* Frameworks */,
				019FE1B01588AA7D0096A1B2 /* Products */,
			);
			sourceTree = "<group>";
		};
		019FE1B01588AA7D0096A1B2 /* Products */ = {
			isa = PBXGroup;
			children = (
				019FE1AF1588AA7D0096A1B2 /* StageCom.app */,
			);
			name = Products;
			sourceTree = "<group>";
		};
		019FE1B21588AA7D0096A1B2 /* Frameworks */ = {
			isa = PBXGroup;
			children = (
				019FE1B31588AA7D0096A1B2 /* UIKit.framework */,
				019FE1B51588AA7D0096A1B2 /* Foundation.framework */,
				019FE1B71588AA7D0096A1B2 /* CoreGraphics.framework */,
			);
			name = Frameworks;
			sourceTree = "<group>";
		};
		01F266FD165BEBB800DFE508 /* StageCom */ = {
			isa = PBXGroup;
			children = (
				01F2670A165BEC0A00DFE508 /* main.m */,
				01F266FE165BEBCF00DFE508 /* MainStoryboard_iPad.storyboard */,
				01F26700165BEBCF00DFE508 /* MainStoryboard_iPhone.storyboard */,
				01F26702165BEBCF00DFE508 /* ViewController.m */,
				01F26703165BEBCF00DFE508 /* AppDelegate.m */,
				01F26704165BEBCF00DFE508 /* ViewController.h */,
				01F26705165BEBCF00DFE508 /* AppDelegate.h */,
			);
			name = StageCom;
			sourceTree = "<group>";
		};
/* End PBXGroup section */

/* Begin PBXNativeTarget section */
		019FE1AE1588AA7D0096A1B2 /* StageCom */ = {
			isa = PBXNativeTarget;
			buildConfigurationList = 019FE1D01588AA7D0096A1B2 /* Build configuration list for PBXNativeTarget "StageCom" */;
			buildPhases = (
				019FE1AB1588AA7D0096A1B2 /* Sources */,
				019FE1AC1588AA7D0096A1B2 /* Frameworks */,
				019FE1AD1588AA7D0096A1B2 /* Resources */,
			);
			buildRules = (
			);
			dependencies = (
			);
			name = StageCom;
			productName = test.Bonjour;
			productReference = 019FE1AF1588AA7D0096A1B2 /* StageCom.app */;
			productType = "com.apple.product-type.application";
		};
/* End PBXNativeTarget section */

/* Begin PBXProject section */
		019FE1A61588AA7D0096A1B2 /* Project object */ = {
			isa = PBXProject;
			attributes = {
				LastUpgradeCheck = 0430;
			};
			buildConfigurationList = 019FE1A91588AA7D0096A1B2 /* Build configuration list for PBXProject "StageCom" */;
			compatibilityVersion = "Xcode 3.2";
			developmentRegion = English;
			hasScannedForEncodings = 0;
			knownRegions = (
				en,
			);
			mainGroup = 019FE1A41588AA7D0096A1B2;
			productRefGroup = 019FE1B01588AA7D0096A1B2 /* Products */;
			projectDirPath = "";
			projectRoot = "";
			targets = (
				019FE1AE1588AA7D0096A1B2 /* StageCom */,
			);
		};
/* End PBXProject section */

/* Begin PBXResourcesBuildPhase section */
		019FE1AD1588AA7D0096A1B2 /* Resources */ = {
			isa = PBXResourcesBuildPhase;
			buildActionMask = 2147483647;
			files = (
				01F26706165BEBCF00DFE508 /* MainStoryboard_iPad.storyboard in Resources */,
				01F26707165BEBCF00DFE508 /* MainStoryboard_iPhone.storyboard in Resources */,
			);
			runOnlyForDeploymentPostprocessing = 0;
		};
/* End PBXResourcesBuildPhase section */

/* Begin PBXSourcesBuildPhase section */
		019FE1AB1588AA7D0096A1B2 /* Sources */ = {
			isa = PBXSourcesBuildPhase;
			buildActionMask = 2147483647;
			files = (
				01F26708165BEBCF00DFE508 /* ViewController.m in Sources */,
				01F26709165BEBCF00DFE508 /* AppDelegate.m in Sources */,
				01F2670B165BEC0A00DFE508 /* main.m in Sources */,
			);
			runOnlyForDeploymentPostprocessing = 0;
		};
/* End PBXSourcesBuildPhase section */

/* Begin PBXVariantGroup section */
		01F266FE165BEBCF00DFE508 /* MainStoryboard_iPad.storyboard */ = {
			isa = PBXVariantGroup;
			children = (
				01F266FF165BEBCF00DFE508 /* en */,
			);
			name = MainStoryboard_iPad.storyboard;
			sourceTree = "<group>";
		};
		01F26700165BEBCF00DFE508 /* MainStoryboard_iPhone.storyboard */ = {
			isa = PBXVariantGroup;
			children = (
				01F26701165BEBCF00DFE508 /* en */,
			);
			name = MainStoryboard_iPhone.storyboard;
			sourceTree = "<group>";
		};
/* End PBXVariantGroup section */

/* Begin XCBuildConfiguration section */
		019FE1CE1588AA7D0096A1B2 /* Debug */ = {
			isa = XCBuildConfiguration;
			buildSettings = {
				ALWAYS_SEARCH_USER_PATHS = NO;
				ARCHS = "$(ARCHS_STANDARD_32_BIT)";
				CLANG_ENABLE_OBJC_ARC = YES;
				"CODE_SIGN_IDENTITY[sdk=iphoneos*]" = "iPhone Developer";
				COPY_PHASE_STRIP = NO;
				GCC_C_LANGUAGE_STANDARD = gnu99;
				GCC_DYNAMIC_NO_PIC = NO;
				GCC_OPTIMIZATION_LEVEL = 0;
				GCC_PREPROCESSOR_DEFINITIONS = (
					"DEBUG=1",
					"$(inherited)",
				);
				GCC_SYMBOLS_PRIVATE_EXTERN = NO;
				GCC_VERSION = com.apple.compilers.llvm.clang.1_0;
				GCC_WARN_ABOUT_RETURN_TYPE = YES;
				GCC_WARN_UNINITIALIZED_AUTOS = YES;
				GCC_WARN_UNUSED_VARIABLE = YES;
				IPHONEOS_DEPLOYMENT_TARGET = 5.1;
				SDKROOT = iphoneos;
				TARGETED_DEVICE_FAMILY = "1,2";
			};
			name = Debug;
		};
		019FE1CF1588AA7D0096A1B2 /* Release */ = {
			isa = XCBuildConfiguration;
			buildSettings = {
				ALWAYS_SEARCH_USER_PATHS = NO;
				ARCHS = "$(ARCHS_STANDARD_32_BIT)";
				CLANG_ENABLE_OBJC_ARC = YES;
				"CODE_SIGN_IDENTITY[sdk=iphoneos*]" = "iPhone Developer";
				COPY_PHASE_STRIP = YES;
				GCC_C_LANGUAGE_STANDARD = gnu99;
				GCC_VERSION = com.apple.compilers.llvm.clang.1_0;
				GCC_WARN_ABOUT_RETURN_TYPE = YES;
				GCC_WARN_UNINITIALIZED_AUTOS = YES;
				GCC_WARN_UNUSED_VARIABLE = YES;
				IPHONEOS_DEPLOYMENT_TARGET = 5.1;
				OTHER_CFLAGS = "-DNS_BLOCK_ASSERTIONS=1";
				SDKROOT = iphoneos;
				TARGETED_DEVICE_FAMILY = "1,2";
				VALIDATE_PRODUCT = YES;
			};
			name = Release;
		};
		019FE1D11588AA7D0096A1B2 /* Debug */ = {
			isa = XCBuildConfiguration;
			buildSettings = {
				GCC_PRECOMPILE_PREFIX_HEADER = YES;
				GCC_PREFIX_HEADER = "StageCom/StageCom-Prefix.pch";
				INFOPLIST_FILE = "StageCom/StageCom-Info.plist";
				PRODUCT_NAME = StageCom;
				WRAPPER_EXTENSION = app;
			};
			name = Debug;
		};
		019FE1D21588AA7D0096A1B2 /* Release */ = {
			isa = XCBuildConfiguration;
			buildSettings = {
				GCC_PRECOMPILE_PREFIX_HEADER = YES;
				GCC_PREFIX_HEADER = "StageCom/StageCom-Prefix.pch";
				INFOPLIST_FILE = "StageCom/StageCom-Info.plist";
				PRODUCT_NAME = StageCom;
				WRAPPER_EXTENSION = app;
			};
			name = Release;
		};
/* End XCBuildConfiguration section */

/* Begin XCConfigurationList section */
		019FE1A91588AA7D0096A1B2 /* Build configuration list for PBXProject "StageCom" */ = {
			isa = XCConfigurationList;
			buildConfigurations = (
				019FE1CE1588AA7D0096A1B2 /* Debug */,
				019FE1CF1588AA7D0096A1B2 /* Release */,
			);
			defaultConfigurationIsVisible = 0;
			defaultConfigurationName = Release;
		};
		019FE1D01588AA7D0096A1B2 /* Build configuration list for PBXNativeTarget "StageCom" */ = {
			isa = XCConfigurationList;
			buildConfigurations = (
				019FE1D11588AA7D0096A1B2 /* Debug */,
				019FE1D21588AA7D0096A1B2 /* Release */,
			);
			defaultConfigurationIsVisible = 0;
			defaultConfigurationName = Release;
		};
/* End XCConfigurationList section */
	};
	rootObject = 019FE1A61588AA7D0096A1B2 /* Project object */;
}
